
Microsoft Visual Studio Solution File, Format Version 12.00
# Visual Studio Version 17
VisualStudioVersion = 17.8.34601.278
MinimumVisualStudioVersion = 10.0.40219.1
Project("{9A19103F-16F7-4668-BE54-9A1E7A4F7556}") = "API_Faturamento", "API_Faturamento.csproj", "{539F4184-8411-4B56-AB0B-1B2D4BB56957}"
EndProject
Global
	GlobalSection(SolutionConfigurationPlatforms) = preSolution
		Debug|Any CPU = Debug|Any CPU
		Release|Any CPU = Release|Any CPU
	EndGlobalSection
	GlobalSection(ProjectConfigurationPlatforms) = postSolution
		{539F4184-8411-4B56-AB0B-1B2D4BB56957}.Debug|Any CPU.ActiveCfg = Debug|Any CPU
		{539F4184-8411-4B56-AB0B-1B2D4BB56957}.Debug|Any CPU.Build.0 = Debug|Any CPU
		{539F4184-8411-4B56-AB0B-1B2D4BB56957}.Release|Any CPU.ActiveCfg = Release|Any CPU
		{539F4184-8411-4B56-AB0B-1B2D4BB56957}.Release|Any CPU.Build.0 = Release|Any CPU
	EndGlobalSection
	GlobalSection(SolutionProperties) = preSolution
		HideSolutionNode = FALSE
	EndGlobalSection
	GlobalSection(ExtensibilityGlobals) = postSolution
		SolutionGuid = {08859CB1-4156-487C-820D-868DEEBB74BD}
	EndGlobalSection
EndGlobal
